
Microsoft Visual Studio Solution File, Format Version 12.00
# Visual Studio Version 17
VisualStudioVersion = 17.0.32112.339
MinimumVisualStudioVersion = 10.0.40219.1
Project("{FAE04EC0-301F-11D3-BF4B-00C04F79EFBC}") = "SimpleTextPad", "SimpleTextPad\SimpleTextPad.csproj", "{E6688B62-9E30-4B12-9014-1230C0A780E7}"
EndProject
Global
	GlobalSection(SolutionConfigurationPlatforms) = preSolution
		Debug|Any CPU = Debug|Any CPU
		Release|Any CPU = Release|Any CPU
	EndGlobalSection
	GlobalSection(ProjectConfigurationPlatforms) = postSolution
		{E6688B62-9E30-4B12-9014-1230C0A780E7}.Debug|Any CPU.ActiveCfg = Debug|Any CPU
		{E6688B62-9E30-4B12-9014-1230C0A780E7}.Debug|Any CPU.Build.0 = Debug|Any CPU
		{E6688B62-9E30-4B12-9014-1230C0A780E7}.Release|Any CPU.ActiveCfg = Release|Any CPU
		{E6688B62-9E30-4B12-9014-1230C0A780E7}.Release|Any CPU.Build.0 = Release|Any CPU
	EndGlobalSection
	GlobalSection(SolutionProperties) = preSolution
		HideSolutionNode = FALSE
	EndGlobalSection
	GlobalSection(ExtensibilityGlobals) = postSolution
		SolutionGuid = {D913B402-BE6B-40E1-AF6F-7B9DFC8EDB0B}
	EndGlobalSection
EndGlobal
