
Microsoft Visual Studio Solution File, Format Version 12.00
# Visual Studio Version 17
VisualStudioVersion = 17.0.32112.339
MinimumVisualStudioVersion = 10.0.40219.1
Project("{FAE04EC0-301F-11D3-BF4B-00C04F79EFBC}") = "Euler", "Euler\Euler.csproj", "{B3EB024A-DF42-458B-BD86-65064A9A2DC3}"
EndProject
Global
	GlobalSection(SolutionConfigurationPlatforms) = preSolution
		Debug|Any CPU = Debug|Any CPU
		Release|Any CPU = Release|Any CPU
	EndGlobalSection
	GlobalSection(ProjectConfigurationPlatforms) = postSolution
		{B3EB024A-DF42-458B-BD86-65064A9A2DC3}.Debug|Any CPU.ActiveCfg = Debug|Any CPU
		{B3EB024A-DF42-458B-BD86-65064A9A2DC3}.Debug|Any CPU.Build.0 = Debug|Any CPU
		{B3EB024A-DF42-458B-BD86-65064A9A2DC3}.Release|Any CPU.ActiveCfg = Release|Any CPU
		{B3EB024A-DF42-458B-BD86-65064A9A2DC3}.Release|Any CPU.Build.0 = Release|Any CPU
	EndGlobalSection
	GlobalSection(SolutionProperties) = preSolution
		HideSolutionNode = FALSE
	EndGlobalSection
	GlobalSection(ExtensibilityGlobals) = postSolution
		SolutionGuid = {ACC6836B-7A7E-4F55-9D45-6BE67AFA2028}
	EndGlobalSection
EndGlobal
