
Microsoft Visual Studio Solution File, Format Version 12.00
# Visual Studio 15
VisualStudioVersion = 15.0.27004.2005
MinimumVisualStudioVersion = 10.0.40219.1
Project("{FAE04EC0-301F-11D3-BF4B-00C04F79EFBC}") = "BucketlistConsole", "BucketlistConsole\BucketlistConsole.csproj", "{EF7C3AAC-283B-4581-93E4-EF7F5FCFC4BE}"
EndProject
Global
	GlobalSection(SolutionConfigurationPlatforms) = preSolution
		Debug|Any CPU = Debug|Any CPU
		Release|Any CPU = Release|Any CPU
	EndGlobalSection
	GlobalSection(ProjectConfigurationPlatforms) = postSolution
		{EF7C3AAC-283B-4581-93E4-EF7F5FCFC4BE}.Debug|Any CPU.ActiveCfg = Debug|Any CPU
		{EF7C3AAC-283B-4581-93E4-EF7F5FCFC4BE}.Debug|Any CPU.Build.0 = Debug|Any CPU
		{EF7C3AAC-283B-4581-93E4-EF7F5FCFC4BE}.Release|Any CPU.ActiveCfg = Release|Any CPU
		{EF7C3AAC-283B-4581-93E4-EF7F5FCFC4BE}.Release|Any CPU.Build.0 = Release|Any CPU
	EndGlobalSection
	GlobalSection(SolutionProperties) = preSolution
		HideSolutionNode = FALSE
	EndGlobalSection
	GlobalSection(ExtensibilityGlobals) = postSolution
		SolutionGuid = {A1B6CDD0-721C-4265-9056-0CB8E701F396}
	EndGlobalSection
EndGlobal
