
Microsoft Visual Studio Solution File, Format Version 12.00
# Visual Studio Version 17
VisualStudioVersion = 17.0.32112.339
MinimumVisualStudioVersion = 10.0.40219.1
Project("{FAE04EC0-301F-11D3-BF4B-00C04F79EFBC}") = "Simple-Nural-Net", "Simple-Nural-Net\Simple-Nural-Net.csproj", "{43ED286D-FE54-4CF7-A751-5A03D4093A76}"
EndProject
Global
	GlobalSection(SolutionConfigurationPlatforms) = preSolution
		Debug|Any CPU = Debug|Any CPU
		Release|Any CPU = Release|Any CPU
	EndGlobalSection
	GlobalSection(ProjectConfigurationPlatforms) = postSolution
		{43ED286D-FE54-4CF7-A751-5A03D4093A76}.Debug|Any CPU.ActiveCfg = Debug|Any CPU
		{43ED286D-FE54-4CF7-A751-5A03D4093A76}.Debug|Any CPU.Build.0 = Debug|Any CPU
		{43ED286D-FE54-4CF7-A751-5A03D4093A76}.Release|Any CPU.ActiveCfg = Release|Any CPU
		{43ED286D-FE54-4CF7-A751-5A03D4093A76}.Release|Any CPU.Build.0 = Release|Any CPU
	EndGlobalSection
	GlobalSection(SolutionProperties) = preSolution
		HideSolutionNode = FALSE
	EndGlobalSection
	GlobalSection(ExtensibilityGlobals) = postSolution
		SolutionGuid = {67B3794A-4C48-471D-A657-6D1AF2E9E396}
	EndGlobalSection
EndGlobal
